# Homebrew Core formula lock for the TrollStore fakesign tool.
LDID_VERSION='2.1.5'
HOMEBREW_CORE_COMMIT='f9fe47e781cf26f3e48d22f73396340d54c32912'
FORMULA_URL="https://raw.githubusercontent.com/Homebrew/homebrew-core/${HOMEBREW_CORE_COMMIT}/Formula/l/ldid.rb"
FORMULA_SHA256='7e14d4669eb44f3868f269894d60548afebd25754c6ce9d3c68073251e8914bc'
FORMULA_REVISION='1'
SOURCE_TAG='v2.1.5'
SOURCE_REVISION='a23f0faadd29ec00a6b7fb2498c3d15af15a7100'
